
Microsoft Visual Studio Solution File, Format Version 12.00
# Visual Studio 15
VisualStudioVersion = 15.0.26730.16
MinimumVisualStudioVersion = 10.0.40219.1
Project("{FAE04EC0-301F-11D3-BF4B-00C04F79EFBC}") = "TrainBooking", "TrainBooking\TrainBooking.csproj", "{AF5C6407-F5E8-43E8-9D0D-4AB1EB45FFE1}"
EndProject
Global
	GlobalSection(SolutionConfigurationPlatforms) = preSolution
		Debug|Any CPU = Debug|Any CPU
		Release|Any CPU = Release|Any CPU
	EndGlobalSection
	GlobalSection(ProjectConfigurationPlatforms) = postSolution
		{AF5C6407-F5E8-43E8-9D0D-4AB1EB45FFE1}.Debug|Any CPU.ActiveCfg = Debug|Any CPU
		{AF5C6407-F5E8-43E8-9D0D-4AB1EB45FFE1}.Debug|Any CPU.Build.0 = Debug|Any CPU
		{AF5C6407-F5E8-43E8-9D0D-4AB1EB45FFE1}.Release|Any CPU.ActiveCfg = Release|Any CPU
		{AF5C6407-F5E8-43E8-9D0D-4AB1EB45FFE1}.Release|Any CPU.Build.0 = Release|Any CPU
	EndGlobalSection
	GlobalSection(SolutionProperties) = preSolution
		HideSolutionNode = FALSE
	EndGlobalSection
	GlobalSection(ExtensibilityGlobals) = postSolution
		SolutionGuid = {54341B3A-AE2D-453B-B8A7-1920F0987B75}
	EndGlobalSection
EndGlobal
